
Microsoft Visual Studio Solution File, Format Version 12.00
# Visual Studio 14
VisualStudioVersion = 14.0.24720.0
MinimumVisualStudioVersion = 10.0.40219.1
Project("{2150E333-8FDC-42A3-9474-1A3956D46DE8}") = "Engine", "Engine", "{0CCDEAA1-FCE4-4FE4-B68A-C063FCEBF3C2}"
EndProject
Project("{8BC9CEB8-8B4A-11D0-8D11-00A0C91BC942}") = "Tile3D", "Tile3D\Tile3D.vcxproj", "{7C92654C-CB90-4009-823F-5BF65AD2DCAC}"
EndProject
Project("{2150E333-8FDC-42A3-9474-1A3956D46DE8}") = "Test", "Test", "{0DCFF440-3A04-43ED-A8A8-E35AB41E0542}"
EndProject
Project("{8BC9CEB8-8B4A-11D0-8D11-00A0C91BC942}") = "TestMath", "Test\TestMath\TestMath.vcxproj", "{57E497CB-FC26-448E-8550-95BCFB41BBF5}"
EndProject
Project("{8BC9CEB8-8B4A-11D0-8D11-00A0C91BC942}") = "TestContainer", "Test\TestContainer\TestContainer.vcxproj", "{59D16D05-D149-4979-92A7-CC263D04813E}"
EndProject
Project("{8BC9CEB8-8B4A-11D0-8D11-00A0C91BC942}") = "TestCore", "Test\TestCore\TestCore.vcxproj", "{35A7DC55-9641-4E21-9F61-35639C706466}"
EndProject
Project("{2150E333-8FDC-42A3-9474-1A3956D46DE8}") = "TestMsic", "TestMsic", "{BBC14485-A5B3-42E4-8128-A7551E3FE0C9}"
EndProject
Project("{8BC9CEB8-8B4A-11D0-8D11-00A0C91BC942}") = "TestMisc", "TestMisc\TestMisc\TestMisc.vcxproj", "{4CC19F95-EF0A-4B6B-A859-B2F44022D5EC}"
EndProject
Global
	GlobalSection(SolutionConfigurationPlatforms) = preSolution
		Debug|x64 = Debug|x64
		Debug|x86 = Debug|x86
		Release|x64 = Release|x64
		Release|x86 = Release|x86
	EndGlobalSection
	GlobalSection(ProjectConfigurationPlatforms) = postSolution
		{7C92654C-CB90-4009-823F-5BF65AD2DCAC}.Debug|x64.ActiveCfg = Debug|x64
		{7C92654C-CB90-4009-823F-5BF65AD2DCAC}.Debug|x64.Build.0 = Debug|x64
		{7C92654C-CB90-4009-823F-5BF65AD2DCAC}.Debug|x86.ActiveCfg = Debug|Win32
		{7C92654C-CB90-4009-823F-5BF65AD2DCAC}.Debug|x86.Build.0 = Debug|Win32
		{7C92654C-CB90-4009-823F-5BF65AD2DCAC}.Release|x64.ActiveCfg = Release|x64
		{7C92654C-CB90-4009-823F-5BF65AD2DCAC}.Release|x64.Build.0 = Release|x64
		{7C92654C-CB90-4009-823F-5BF65AD2DCAC}.Release|x86.ActiveCfg = Release|Win32
		{7C92654C-CB90-4009-823F-5BF65AD2DCAC}.Release|x86.Build.0 = Release|Win32
		{57E497CB-FC26-448E-8550-95BCFB41BBF5}.Debug|x64.ActiveCfg = Debug|x64
		{57E497CB-FC26-448E-8550-95BCFB41BBF5}.Debug|x64.Build.0 = Debug|x64
		{57E497CB-FC26-448E-8550-95BCFB41BBF5}.Debug|x86.ActiveCfg = Debug|Win32
		{57E497CB-FC26-448E-8550-95BCFB41BBF5}.Debug|x86.Build.0 = Debug|Win32
		{57E497CB-FC26-448E-8550-95BCFB41BBF5}.Release|x64.ActiveCfg = Release|x64
		{57E497CB-FC26-448E-8550-95BCFB41BBF5}.Release|x64.Build.0 = Release|x64
		{57E497CB-FC26-448E-8550-95BCFB41BBF5}.Release|x86.ActiveCfg = Release|Win32
		{57E497CB-FC26-448E-8550-95BCFB41BBF5}.Release|x86.Build.0 = Release|Win32
		{59D16D05-D149-4979-92A7-CC263D04813E}.Debug|x64.ActiveCfg = Debug|x64
		{59D16D05-D149-4979-92A7-CC263D04813E}.Debug|x64.Build.0 = Debug|x64
		{59D16D05-D149-4979-92A7-CC263D04813E}.Debug|x86.ActiveCfg = Debug|Win32
		{59D16D05-D149-4979-92A7-CC263D04813E}.Debug|x86.Build.0 = Debug|Win32
		{59D16D05-D149-4979-92A7-CC263D04813E}.Release|x64.ActiveCfg = Release|x64
		{59D16D05-D149-4979-92A7-CC263D04813E}.Release|x64.Build.0 = Release|x64
		{59D16D05-D149-4979-92A7-CC263D04813E}.Release|x86.ActiveCfg = Release|Win32
		{59D16D05-D149-4979-92A7-CC263D04813E}.Release|x86.Build.0 = Release|Win32
		{35A7DC55-9641-4E21-9F61-35639C706466}.Debug|x64.ActiveCfg = Debug|x64
		{35A7DC55-9641-4E21-9F61-35639C706466}.Debug|x64.Build.0 = Debug|x64
		{35A7DC55-9641-4E21-9F61-35639C706466}.Debug|x86.ActiveCfg = Debug|Win32
		{35A7DC55-9641-4E21-9F61-35639C706466}.Debug|x86.Build.0 = Debug|Win32
		{35A7DC55-9641-4E21-9F61-35639C706466}.Release|x64.ActiveCfg = Release|x64
		{35A7DC55-9641-4E21-9F61-35639C706466}.Release|x64.Build.0 = Release|x64
		{35A7DC55-9641-4E21-9F61-35639C706466}.Release|x86.ActiveCfg = Release|Win32
		{35A7DC55-9641-4E21-9F61-35639C706466}.Release|x86.Build.0 = Release|Win32
		{4CC19F95-EF0A-4B6B-A859-B2F44022D5EC}.Debug|x64.ActiveCfg = Debug|x64
		{4CC19F95-EF0A-4B6B-A859-B2F44022D5EC}.Debug|x64.Build.0 = Debug|x64
		{4CC19F95-EF0A-4B6B-A859-B2F44022D5EC}.Debug|x86.ActiveCfg = Debug|Win32
		{4CC19F95-EF0A-4B6B-A859-B2F44022D5EC}.Debug|x86.Build.0 = Debug|Win32
		{4CC19F95-EF0A-4B6B-A859-B2F44022D5EC}.Release|x64.ActiveCfg = Release|x64
		{4CC19F95-EF0A-4B6B-A859-B2F44022D5EC}.Release|x64.Build.0 = Release|x64
		{4CC19F95-EF0A-4B6B-A859-B2F44022D5EC}.Release|x86.ActiveCfg = Release|Win32
		{4CC19F95-EF0A-4B6B-A859-B2F44022D5EC}.Release|x86.Build.0 = Release|Win32
	EndGlobalSection
	GlobalSection(SolutionProperties) = preSolution
		HideSolutionNode = FALSE
	EndGlobalSection
	GlobalSection(NestedProjects) = preSolution
		{7C92654C-CB90-4009-823F-5BF65AD2DCAC} = {0CCDEAA1-FCE4-4FE4-B68A-C063FCEBF3C2}
		{57E497CB-FC26-448E-8550-95BCFB41BBF5} = {0DCFF440-3A04-43ED-A8A8-E35AB41E0542}
		{59D16D05-D149-4979-92A7-CC263D04813E} = {0DCFF440-3A04-43ED-A8A8-E35AB41E0542}
		{35A7DC55-9641-4E21-9F61-35639C706466} = {0DCFF440-3A04-43ED-A8A8-E35AB41E0542}
		{4CC19F95-EF0A-4B6B-A859-B2F44022D5EC} = {BBC14485-A5B3-42E4-8128-A7551E3FE0C9}
	EndGlobalSection
EndGlobal
