<?xml version="1.0" encoding="utf-8"?>
<Project ToolsVersion="4.0" xmlns="http://schemas.microsoft.com/developer/msbuild/2003">
  <ItemGroup>
    <Filter Include="Math">
      <UniqueIdentifier>{f186509f-0ab7-4c3e-bada-1c640bd38f3d}</UniqueIdentifier>
    </Filter>
    <Filter Include="Container">
      <UniqueIdentifier>{1503f70f-6da0-4a2a-b76e-bfe95c474fab}</UniqueIdentifier>
    </Filter>
    <Filter Include="Core">
      <UniqueIdentifier>{40603d31-c94e-4f16-84a4-8faef36f959b}</UniqueIdentifier>
    </Filter>
    <Filter Include="Core\Memory">
      <UniqueIdentifier>{b9cf2439-f15c-46e7-b53e-959d362f06df}</UniqueIdentifier>
    </Filter>
    <Filter Include="Core\Lock">
      <UniqueIdentifier>{171acbe3-233c-40f4-8e39-40f61925fbfd}</UniqueIdentifier>
    </Filter>
    <Filter Include="File">
      <UniqueIdentifier>{bdd4a85b-acdd-4905-b089-ff5c6423c318}</UniqueIdentifier>
    </Filter>
    <Filter Include="Sys">
      <UniqueIdentifier>{3e2cefa0-5e47-48c9-a494-f97ba36027ab}</UniqueIdentifier>
    </Filter>
    <Filter Include="Sys\Win">
      <UniqueIdentifier>{79ab07e6-a41c-4b3a-9e5e-82cce0bdafe6}</UniqueIdentifier>
    </Filter>
    <Filter Include="Sys\Android">
      <UniqueIdentifier>{0bb560cc-b28d-400f-a5ff-7dd88bfa7d92}</UniqueIdentifier>
    </Filter>
    <Filter Include="Sys\IOS">
      <UniqueIdentifier>{8458b3d2-ea42-49cb-9fbc-b0f95cad26d6}</UniqueIdentifier>
    </Filter>
    <Filter Include="Render">
      <UniqueIdentifier>{37333d14-3451-4e10-bb8f-e2a022b80b30}</UniqueIdentifier>
    </Filter>
    <Filter Include="Render\SkinModel">
      <UniqueIdentifier>{7eeaf4a9-35ed-4c9e-b4c4-ba94b34dc9cd}</UniqueIdentifier>
    </Filter>
    <Filter Include="Render\Texture">
      <UniqueIdentifier>{f4a0d5ec-2da4-47e9-8a09-1261c3308d50}</UniqueIdentifier>
    </Filter>
    <Filter Include="Render\Material">
      <UniqueIdentifier>{18894c14-a54b-4253-8e4f-dd00fbb4b6b0}</UniqueIdentifier>
    </Filter>
    <Filter Include="Render\Windows">
      <UniqueIdentifier>{b7e00773-f7ac-4912-b4ce-3cad27277dc9}</UniqueIdentifier>
    </Filter>
    <Filter Include="Common">
      <UniqueIdentifier>{ff6a9afb-0b4b-4836-99e9-75da7dff8825}</UniqueIdentifier>
    </Filter>
    <Filter Include="Net">
      <UniqueIdentifier>{279dc7be-d7e8-439e-90cd-2938440d4f8f}</UniqueIdentifier>
    </Filter>
    <Filter Include="Render\Shader">
      <UniqueIdentifier>{5144f6b9-f857-4ff0-b23f-b969d85bdc11}</UniqueIdentifier>
    </Filter>
    <Filter Include="Shaders">
      <UniqueIdentifier>{a8eef04e-1919-435e-a1c7-8a6596f4e26b}</UniqueIdentifier>
    </Filter>
    <Filter Include="Shaders\HLSL">
      <UniqueIdentifier>{9988a8fc-eec2-4459-a873-c6dcfa622741}</UniqueIdentifier>
    </Filter>
    <Filter Include="Shaders\HLSL\SkinModel">
      <UniqueIdentifier>{593ec0a7-0f11-40ac-b3cf-bd8bfbb24536}</UniqueIdentifier>
    </Filter>
    <Filter Include="Stat">
      <UniqueIdentifier>{210cb084-6d1e-4e68-9ab9-c2a8a5c63326}</UniqueIdentifier>
    </Filter>
    <Filter Include="Stat\Windows">
      <UniqueIdentifier>{64845889-eebc-4525-82de-70ccae1d127d}</UniqueIdentifier>
    </Filter>
  </ItemGroup>
  <ItemGroup>
    <ClInclude Include="Math\TVector3.h">
      <Filter>Math</Filter>
    </ClInclude>
    <ClInclude Include="Math\TVector4.h">
      <Filter>Math</Filter>
    </ClInclude>
    <ClInclude Include="Math\TVector.h">
      <Filter>Math</Filter>
    </ClInclude>
    <ClInclude Include="Math\TMatrix4.h">
      <Filter>Math</Filter>
    </ClInclude>
    <ClInclude Include="Math\TMatrix3.h">
      <Filter>Math</Filter>
    </ClInclude>
    <ClInclude Include="Math\TMatrix.h">
      <Filter>Math</Filter>
    </ClInclude>
    <ClInclude Include="Math\TMathUtil.h">
      <Filter>Math</Filter>
    </ClInclude>
    <ClInclude Include="Math\TQuaternion.h">
      <Filter>Math</Filter>
    </ClInclude>
    <ClInclude Include="Math\TRotator.h">
      <Filter>Math</Filter>
    </ClInclude>
    <ClInclude Include="Math\TPlane.h">
      <Filter>Math</Filter>
    </ClInclude>
    <ClInclude Include="Math\TRay.h">
      <Filter>Math</Filter>
    </ClInclude>
    <ClInclude Include="Container\TArray.h">
      <Filter>Container</Filter>
    </ClInclude>
    <ClInclude Include="Container\THashMap.h">
      <Filter>Container</Filter>
    </ClInclude>
    <ClInclude Include="Container\TList.h">
      <Filter>Container</Filter>
    </ClInclude>
    <ClInclude Include="Core\TMemory.h">
      <Filter>Core</Filter>
    </ClInclude>
    <ClInclude Include="Core\TObject.h">
      <Filter>Core</Filter>
    </ClInclude>
    <ClInclude Include="Math\TAABBBox.h">
      <Filter>Math</Filter>
    </ClInclude>
    <ClInclude Include="Container\TString.h">
      <Filter>Container</Filter>
    </ClInclude>
    <ClInclude Include="Core\Memory\TMemCommon.h">
      <Filter>Core\Memory</Filter>
    </ClInclude>
    <ClInclude Include="Core\Memory\TMemDump.h">
      <Filter>Core\Memory</Filter>
    </ClInclude>
    <ClInclude Include="Core\Memory\TMemLarge.h">
      <Filter>Core\Memory</Filter>
    </ClInclude>
    <ClInclude Include="Core\Memory\TMemMan.h">
      <Filter>Core\Memory</Filter>
    </ClInclude>
    <ClInclude Include="Core\Memory\TMemPool.h">
      <Filter>Core\Memory</Filter>
    </ClInclude>
    <ClInclude Include="Core\Memory\TMemSmall.h">
      <Filter>Core\Memory</Filter>
    </ClInclude>
    <ClInclude Include="Core\Memory\TMemVec.h">
      <Filter>Core\Memory</Filter>
    </ClInclude>
    <ClInclude Include="Core\Lock\TReentrantLock.h">
      <Filter>Core\Lock</Filter>
    </ClInclude>
    <ClInclude Include="Core\Lock\TMutexLock.h">
      <Filter>Core\Lock</Filter>
    </ClInclude>
    <ClInclude Include="Core\Lock\TAtomicInt.h">
      <Filter>Core\Lock</Filter>
    </ClInclude>
    <ClInclude Include="File\TFile.h">
      <Filter>File</Filter>
    </ClInclude>
    <ClInclude Include="File\TFileMem.h">
      <Filter>File</Filter>
    </ClInclude>
    <ClInclude Include="File\TIniFile.h">
      <Filter>File</Filter>
    </ClInclude>
    <ClInclude Include="File\TPackageFile.h">
      <Filter>File</Filter>
    </ClInclude>
    <ClInclude Include="Sys\TSysFile.h">
      <Filter>Sys</Filter>
    </ClInclude>
    <ClInclude Include="Sys\Win\TSysFileWin.h">
      <Filter>Sys\Win</Filter>
    </ClInclude>
    <ClInclude Include="File\TFileDir.h">
      <Filter>File</Filter>
    </ClInclude>
    <ClInclude Include="File\TPackageMan.h">
      <Filter>File</Filter>
    </ClInclude>
    <ClInclude Include="Container\THashSet.h">
      <Filter>Container</Filter>
    </ClInclude>
    <ClInclude Include="Container\TQueue.h">
      <Filter>Container</Filter>
    </ClInclude>
    <ClInclude Include="Container\THashTable.h">
      <Filter>Container</Filter>
    </ClInclude>
    <ClInclude Include="Container\TRBTree.h">
      <Filter>Container</Filter>
    </ClInclude>
    <ClInclude Include="Container\TTreeMap.h">
      <Filter>Container</Filter>
    </ClInclude>
    <ClInclude Include="Container\TTreeSet.h">
      <Filter>Container</Filter>
    </ClInclude>
    <ClInclude Include="Container\TAlgo.h">
      <Filter>Container</Filter>
    </ClInclude>
    <ClInclude Include="File\TFileImage.h">
      <Filter>File</Filter>
    </ClInclude>
    <ClInclude Include="File\TPackage.h">
      <Filter>File</Filter>
    </ClInclude>
    <ClInclude Include="Sys\IOS\TSysFileIOS.h">
      <Filter>Sys\IOS</Filter>
    </ClInclude>
    <ClInclude Include="Sys\Android\TSysFileAndroid.h">
      <Filter>Sys\Android</Filter>
    </ClInclude>
    <ClInclude Include="File\TScriptFile.h">
      <Filter>File</Filter>
    </ClInclude>
    <ClInclude Include="Container\TPair.h">
      <Filter>Container</Filter>
    </ClInclude>
    <ClInclude Include="Render\SkinModel\TSkin.h">
      <Filter>Render\SkinModel</Filter>
    </ClInclude>
    <ClInclude Include="Render\SkinModel\TSkinMesh.h">
      <Filter>Render\SkinModel</Filter>
    </ClInclude>
    <ClInclude Include="Render\SkinModel\TSkinModel.h">
      <Filter>Render\SkinModel</Filter>
    </ClInclude>
    <ClInclude Include="Render\SkinModel\TSkinModelMan.h">
      <Filter>Render\SkinModel</Filter>
    </ClInclude>
    <ClInclude Include="Render\SkinModel\TSkeleton.h">
      <Filter>Render\SkinModel</Filter>
    </ClInclude>
    <ClInclude Include="Render\SkinModel\TSkeletonMan.h">
      <Filter>Render\SkinModel</Filter>
    </ClInclude>
    <ClInclude Include="Render\SkinModel\TSkinMan.h">
      <Filter>Render\SkinModel</Filter>
    </ClInclude>
    <ClInclude Include="Core\TClassID.h">
      <Filter>Core</Filter>
    </ClInclude>
    <ClInclude Include="Render\SkinModel\TSkeletonTrack.h">
      <Filter>Render\SkinModel</Filter>
    </ClInclude>
    <ClInclude Include="Render\SkinModel\TSkeletonTrackData.h">
      <Filter>Render\SkinModel</Filter>
    </ClInclude>
    <ClInclude Include="Render\SkinModel\TSkeletonTrackMan.h">
      <Filter>Render\SkinModel</Filter>
    </ClInclude>
    <ClInclude Include="Render\SkinModel\TSkeletonBone.h">
      <Filter>Render\SkinModel</Filter>
    </ClInclude>
    <ClInclude Include="Render\SkinModel\TSkeletonHook.h">
      <Filter>Render\SkinModel</Filter>
    </ClInclude>
    <ClInclude Include="Render\SkinModel\TSkeletonJoint.h">
      <Filter>Render\SkinModel</Filter>
    </ClInclude>
    <ClInclude Include="Render\SkinModel\TSkeletonAnimJoint.h">
      <Filter>Render\SkinModel</Filter>
    </ClInclude>
    <ClInclude Include="Render\SkinModel\TSkeletonControllerJoint.h">
      <Filter>Render\SkinModel</Filter>
    </ClInclude>
    <ClInclude Include="Render\SkinModel\TSkeletonAxisSprintJoint.h">
      <Filter>Render\SkinModel</Filter>
    </ClInclude>
    <ClInclude Include="Render\SkinModel\TSkeletonSprintJoint.h">
      <Filter>Render\SkinModel</Filter>
    </ClInclude>
    <ClInclude Include="Render\Material\TMaterial.h">
      <Filter>Render\Material</Filter>
    </ClInclude>
    <ClInclude Include="Math\TColor.h">
      <Filter>Math</Filter>
    </ClInclude>
    <ClInclude Include="Render\SkinModel\TSkinModelAction.h">
      <Filter>Render\SkinModel</Filter>
    </ClInclude>
    <ClInclude Include="Render\TEngine.h">
      <Filter>Render</Filter>
    </ClInclude>
    <ClInclude Include="Render\TApplication.h">
      <Filter>Render</Filter>
    </ClInclude>
    <ClInclude Include="Render\TDevice.h">
      <Filter>Render</Filter>
    </ClInclude>
    <ClInclude Include="Render\TGameSetting.h">
      <Filter>Render</Filter>
    </ClInclude>
    <ClInclude Include="Render\Windows\TApplicationWin.h">
      <Filter>Render\Windows</Filter>
    </ClInclude>
    <ClInclude Include="Render\TStream.h">
      <Filter>Render</Filter>
    </ClInclude>
    <ClInclude Include="Render\Windows\TD3D9Device.h">
      <Filter>Render\Windows</Filter>
    </ClInclude>
    <ClInclude Include="Render\Windows\TD3D9Stream.h">
      <Filter>Render\Windows</Filter>
    </ClInclude>
    <ClInclude Include="Render\TCamera.h">
      <Filter>Render</Filter>
    </ClInclude>
    <ClInclude Include="Render\TInput.h">
      <Filter>Render</Filter>
    </ClInclude>
    <ClInclude Include="Common\TAssert.h">
      <Filter>Common</Filter>
    </ClInclude>
    <ClInclude Include="Common\TCounter.h">
      <Filter>Common</Filter>
    </ClInclude>
    <ClInclude Include="Common\TLog.h">
      <Filter>Common</Filter>
    </ClInclude>
    <ClInclude Include="Common\TOctets.h">
      <Filter>Common</Filter>
    </ClInclude>
    <ClInclude Include="Common\TOctetsStream.h">
      <Filter>Common</Filter>
    </ClInclude>
    <ClInclude Include="Common\TTime.h">
      <Filter>Common</Filter>
    </ClInclude>
    <ClInclude Include="Common\TTypes.h">
      <Filter>Common</Filter>
    </ClInclude>
    <ClInclude Include="Net\TProtocol.h">
      <Filter>Net</Filter>
    </ClInclude>
    <ClInclude Include="Net\TSession.h">
      <Filter>Net</Filter>
    </ClInclude>
    <ClInclude Include="Net\TSocketAddr.h">
      <Filter>Net</Filter>
    </ClInclude>
    <ClInclude Include="Net\TSocket.h">
      <Filter>Net</Filter>
    </ClInclude>
    <ClInclude Include="Net\TSocketImp.h">
      <Filter>Net</Filter>
    </ClInclude>
    <ClInclude Include="Net\TSocketImpWin.h">
      <Filter>Net</Filter>
    </ClInclude>
    <ClInclude Include="Net\TNet.h">
      <Filter>Net</Filter>
    </ClInclude>
    <ClInclude Include="Render\Texture\TTexture.h">
      <Filter>Render\Texture</Filter>
    </ClInclude>
    <ClInclude Include="Render\Texture\TTextureMan.h">
      <Filter>Render\Texture</Filter>
    </ClInclude>
    <ClInclude Include="Render\Shader\TPixelShader.h">
      <Filter>Render\Shader</Filter>
    </ClInclude>
    <ClInclude Include="Render\Shader\TVertexShader.h">
      <Filter>Render\Shader</Filter>
    </ClInclude>
    <ClInclude Include="Render\Shader\TVertexDecl.h">
      <Filter>Render\Shader</Filter>
    </ClInclude>
    <ClInclude Include="Render\Shader\TShaderMan.h">
      <Filter>Render\Shader</Filter>
    </ClInclude>
    <ClInclude Include="Stat\THardwareInfo.h">
      <Filter>Stat</Filter>
    </ClInclude>
    <ClInclude Include="Stat\TNetInfo.h">
      <Filter>Stat</Filter>
    </ClInclude>
    <ClInclude Include="Stat\TRenderInfo.h">
      <Filter>Stat</Filter>
    </ClInclude>
    <ClInclude Include="Stat\TSystemInfo.h">
      <Filter>Stat</Filter>
    </ClInclude>
    <ClInclude Include="Stat\Windows\THardwareInfoImpWin.h">
      <Filter>Stat\Windows</Filter>
    </ClInclude>
    <ClInclude Include="Stat\THardwareInfoImp.h">
      <Filter>Stat</Filter>
    </ClInclude>
    <ClInclude Include="Stat\TSystemInfoImp.h">
      <Filter>Stat</Filter>
    </ClInclude>
    <ClInclude Include="Stat\Windows\TSystemInfoImpWin.h">
      <Filter>Stat\Windows</Filter>
    </ClInclude>
    <ClInclude Include="Stat\TNetInfoImp.h">
      <Filter>Stat</Filter>
    </ClInclude>
    <ClInclude Include="Stat\Windows\TNetInfoImpWin.h">
      <Filter>Stat\Windows</Filter>
    </ClInclude>
    <ClInclude Include="File\TWScriptFile.h">
      <Filter>File</Filter>
    </ClInclude>
    <ClInclude Include="Core\Lock\TScopeLock.h">
      <Filter>Core\Lock</Filter>
    </ClInclude>
    <ClInclude Include="Net\TPollMan.h">
      <Filter>Net</Filter>
    </ClInclude>
    <ClInclude Include="Net\TPollImp.h">
      <Filter>Net</Filter>
    </ClInclude>
    <ClInclude Include="Net\TPollIO.h">
      <Filter>Net</Filter>
    </ClInclude>
    <ClInclude Include="Net\TSessionMan.h">
      <Filter>Net</Filter>
    </ClInclude>
    <ClInclude Include="Container\TDeque.h">
      <Filter>Container</Filter>
    </ClInclude>
    <ClInclude Include="Net\TNetClient.h">
      <Filter>Net</Filter>
    </ClInclude>
    <ClInclude Include="Net\TNetServer.h">
      <Filter>Net</Filter>
    </ClInclude>
    <ClInclude Include="Common\TConf.h">
      <Filter>Common</Filter>
    </ClInclude>
  </ItemGroup>
  <ItemGroup>
    <ClCompile Include="Math\TVector3.cpp">
      <Filter>Math</Filter>
    </ClCompile>
    <ClCompile Include="Math\TVector4.cpp">
      <Filter>Math</Filter>
    </ClCompile>
    <ClCompile Include="Math\TMatrix3.cpp">
      <Filter>Math</Filter>
    </ClCompile>
    <ClCompile Include="Math\TMatrix4.cpp">
      <Filter>Math</Filter>
    </ClCompile>
    <ClCompile Include="Math\TMathUtil.cpp">
      <Filter>Math</Filter>
    </ClCompile>
    <ClCompile Include="Math\TQuaternion.cpp">
      <Filter>Math</Filter>
    </ClCompile>
    <ClCompile Include="Math\TRotator.cpp">
      <Filter>Math</Filter>
    </ClCompile>
    <ClCompile Include="Math\TPlane.cpp">
      <Filter>Math</Filter>
    </ClCompile>
    <ClCompile Include="Math\TRay.cpp">
      <Filter>Math</Filter>
    </ClCompile>
    <ClCompile Include="Core\TObject.cpp">
      <Filter>Core</Filter>
    </ClCompile>
    <ClCompile Include="Math\TAABBBox.cpp">
      <Filter>Math</Filter>
    </ClCompile>
    <ClCompile Include="Container\TString.cpp">
      <Filter>Container</Filter>
    </ClCompile>
    <ClCompile Include="Core\TMemory.cpp">
      <Filter>Core</Filter>
    </ClCompile>
    <ClCompile Include="Core\Memory\TMemDumpWin.cpp">
      <Filter>Core\Memory</Filter>
    </ClCompile>
    <ClCompile Include="Core\Memory\TMemLarge.cpp">
      <Filter>Core\Memory</Filter>
    </ClCompile>
    <ClCompile Include="Core\Memory\TMemMan.cpp">
      <Filter>Core\Memory</Filter>
    </ClCompile>
    <ClCompile Include="Core\Memory\TMemPool.cpp">
      <Filter>Core\Memory</Filter>
    </ClCompile>
    <ClCompile Include="Core\Memory\TMemSmall.cpp">
      <Filter>Core\Memory</Filter>
    </ClCompile>
    <ClCompile Include="File\TFile.cpp">
      <Filter>File</Filter>
    </ClCompile>
    <ClCompile Include="File\TFileMem.cpp">
      <Filter>File</Filter>
    </ClCompile>
    <ClCompile Include="File\TIniFile.cpp">
      <Filter>File</Filter>
    </ClCompile>
    <ClCompile Include="File\TPackageFile.cpp">
      <Filter>File</Filter>
    </ClCompile>
    <ClCompile Include="Sys\Win\TSysFileWin.cpp">
      <Filter>Sys\Win</Filter>
    </ClCompile>
    <ClCompile Include="File\TFileDir.cpp">
      <Filter>File</Filter>
    </ClCompile>
    <ClCompile Include="File\TPackageMan.cpp">
      <Filter>File</Filter>
    </ClCompile>
    <ClCompile Include="File\TFileImage.cpp">
      <Filter>File</Filter>
    </ClCompile>
    <ClCompile Include="File\TPackage.cpp">
      <Filter>File</Filter>
    </ClCompile>
    <ClCompile Include="Sys\IOS\TSysFileIOS.cpp">
      <Filter>Sys\IOS</Filter>
    </ClCompile>
    <ClCompile Include="Sys\Android\TSysFileAndroid.cpp">
      <Filter>Sys\Android</Filter>
    </ClCompile>
    <ClCompile Include="File\TScriptFile.cpp">
      <Filter>File</Filter>
    </ClCompile>
    <ClCompile Include="Render\SkinModel\TSkin.cpp">
      <Filter>Render\SkinModel</Filter>
    </ClCompile>
    <ClCompile Include="Render\SkinModel\TSkinMesh.cpp">
      <Filter>Render\SkinModel</Filter>
    </ClCompile>
    <ClCompile Include="Render\SkinModel\TSkinModel.cpp">
      <Filter>Render\SkinModel</Filter>
    </ClCompile>
    <ClCompile Include="Render\SkinModel\TSkinModelMan.cpp">
      <Filter>Render\SkinModel</Filter>
    </ClCompile>
    <ClCompile Include="Render\SkinModel\TSkeleton.cpp">
      <Filter>Render\SkinModel</Filter>
    </ClCompile>
    <ClCompile Include="Render\SkinModel\TSkeletonMan.cpp">
      <Filter>Render\SkinModel</Filter>
    </ClCompile>
    <ClCompile Include="Render\SkinModel\TSkinMan.cpp">
      <Filter>Render\SkinModel</Filter>
    </ClCompile>
    <ClCompile Include="Render\SkinModel\TSkeletonTrack.cpp">
      <Filter>Render\SkinModel</Filter>
    </ClCompile>
    <ClCompile Include="Render\SkinModel\TSkeletonTrackMan.cpp">
      <Filter>Render\SkinModel</Filter>
    </ClCompile>
    <ClCompile Include="Render\SkinModel\TSkeletonBone.cpp">
      <Filter>Render\SkinModel</Filter>
    </ClCompile>
    <ClCompile Include="Render\SkinModel\TSkeletonHook.cpp">
      <Filter>Render\SkinModel</Filter>
    </ClCompile>
    <ClCompile Include="Render\SkinModel\TSkeletonJoint.cpp">
      <Filter>Render\SkinModel</Filter>
    </ClCompile>
    <ClCompile Include="Render\SkinModel\TSkeletonAnimJoint.cpp">
      <Filter>Render\SkinModel</Filter>
    </ClCompile>
    <ClCompile Include="Render\SkinModel\TSkeletonControllerJoint.cpp">
      <Filter>Render\SkinModel</Filter>
    </ClCompile>
    <ClCompile Include="Render\SkinModel\TSkeletonAxisSprintJoint.cpp">
      <Filter>Render\SkinModel</Filter>
    </ClCompile>
    <ClCompile Include="Render\SkinModel\TSkeletonSprintJoint.cpp">
      <Filter>Render\SkinModel</Filter>
    </ClCompile>
    <ClCompile Include="Render\Material\TMaterial.cpp">
      <Filter>Render\Material</Filter>
    </ClCompile>
    <ClCompile Include="Render\SkinModel\TSkinModelAction.cpp">
      <Filter>Render\SkinModel</Filter>
    </ClCompile>
    <ClCompile Include="Render\TApplication.cpp">
      <Filter>Render</Filter>
    </ClCompile>
    <ClCompile Include="Render\TDevice.cpp">
      <Filter>Render</Filter>
    </ClCompile>
    <ClCompile Include="Render\TEngine.cpp">
      <Filter>Render</Filter>
    </ClCompile>
    <ClCompile Include="Render\TGameSetting.cpp">
      <Filter>Render</Filter>
    </ClCompile>
    <ClCompile Include="Render\Windows\TApplicationWin.cpp">
      <Filter>Render\Windows</Filter>
    </ClCompile>
    <ClCompile Include="Render\TStream.cpp">
      <Filter>Render</Filter>
    </ClCompile>
    <ClCompile Include="Render\Windows\TD3D9Device.cpp">
      <Filter>Render\Windows</Filter>
    </ClCompile>
    <ClCompile Include="Render\Windows\TD3D9Stream.cpp">
      <Filter>Render\Windows</Filter>
    </ClCompile>
    <ClCompile Include="Render\TCamera.cpp">
      <Filter>Render</Filter>
    </ClCompile>
    <ClCompile Include="Render\TInput.cpp">
      <Filter>Render</Filter>
    </ClCompile>
    <ClCompile Include="Common\TLog.cpp">
      <Filter>Common</Filter>
    </ClCompile>
    <ClCompile Include="Common\TOctets.cpp">
      <Filter>Common</Filter>
    </ClCompile>
    <ClCompile Include="Common\TOctetsStream.cpp">
      <Filter>Common</Filter>
    </ClCompile>
    <ClCompile Include="Common\TTime.cpp">
      <Filter>Common</Filter>
    </ClCompile>
    <ClCompile Include="Net\TProtocol.cpp">
      <Filter>Net</Filter>
    </ClCompile>
    <ClCompile Include="Net\TSession.cpp">
      <Filter>Net</Filter>
    </ClCompile>
    <ClCompile Include="Net\TSocketAddr.cpp">
      <Filter>Net</Filter>
    </ClCompile>
    <ClCompile Include="Net\TSocket.cpp">
      <Filter>Net</Filter>
    </ClCompile>
    <ClCompile Include="Net\TSocketImpWin.cpp">
      <Filter>Net</Filter>
    </ClCompile>
    <ClCompile Include="Net\TNet.cpp">
      <Filter>Net</Filter>
    </ClCompile>
    <ClCompile Include="Render\Texture\TTexture.cpp">
      <Filter>Render\Texture</Filter>
    </ClCompile>
    <ClCompile Include="Render\Texture\TTextureMan.cpp">
      <Filter>Render\Texture</Filter>
    </ClCompile>
    <ClCompile Include="Render\Shader\TPixelShader.cpp">
      <Filter>Render\Shader</Filter>
    </ClCompile>
    <ClCompile Include="Render\Shader\TVertexShader.cpp">
      <Filter>Render\Shader</Filter>
    </ClCompile>
    <ClCompile Include="Render\Shader\TVertexDecl.cpp">
      <Filter>Render\Shader</Filter>
    </ClCompile>
    <ClCompile Include="Render\Shader\TShaderMan.cpp">
      <Filter>Render\Shader</Filter>
    </ClCompile>
    <ClCompile Include="Stat\THardwareInfo.cpp">
      <Filter>Stat</Filter>
    </ClCompile>
    <ClCompile Include="Stat\Windows\THardwareInfoImpWin.cpp">
      <Filter>Stat\Windows</Filter>
    </ClCompile>
    <ClCompile Include="Stat\TSystemInfo.cpp">
      <Filter>Stat</Filter>
    </ClCompile>
    <ClCompile Include="Stat\Windows\TSystemInfoImpWin.cpp">
      <Filter>Stat\Windows</Filter>
    </ClCompile>
    <ClCompile Include="Stat\Windows\TNetInfoImpWin.cpp">
      <Filter>Stat\Windows</Filter>
    </ClCompile>
    <ClCompile Include="Stat\TNetInfo.cpp">
      <Filter>Stat</Filter>
    </ClCompile>
    <ClCompile Include="File\TWScriptFile.cpp">
      <Filter>File</Filter>
    </ClCompile>
    <ClCompile Include="Net\TPollMan.cpp">
      <Filter>Net</Filter>
    </ClCompile>
    <ClCompile Include="Net\TPollImp.cpp">
      <Filter>Net</Filter>
    </ClCompile>
    <ClCompile Include="Net\TPollIO.cpp">
      <Filter>Net</Filter>
    </ClCompile>
    <ClCompile Include="Net\TNetClient.cpp">
      <Filter>Net</Filter>
    </ClCompile>
    <ClCompile Include="Common\TConf.cpp">
      <Filter>Common</Filter>
    </ClCompile>
  </ItemGroup>
  <ItemGroup>
    <FxCompile Include="..\Shaders\HLSL\SkinModel\skinmodel_ps.hlsl">
      <Filter>Shaders\HLSL\SkinModel</Filter>
    </FxCompile>
    <FxCompile Include="..\Shaders\HLSL\SkinModel\skinmodel_vs.hlsl">
      <Filter>Shaders\HLSL\SkinModel</Filter>
    </FxCompile>
  </ItemGroup>
</Project>